PODS:
  - Flutter (1.0.0)
  - pi_authenticator_legacy (0.0.1):
    - Flutter
    - SwiftyRSA
  - SwiftyRSA (0.3.0)

DEPENDENCIES:
  - Flutter (from `Flutter`)
  - pi_authenticator_legacy (from `.symlinks/plugins/pi_authenticator_legacy/ios`)

SPEC REPOS:
  trunk:
    - SwiftyRSA

EXTERNAL SOURCES:
  Flutter:
    :path: Flutter
  pi_authenticator_legacy:
    :path: ".symlinks/plugins/pi_authenticator_legacy/ios"

SPEC CHECKSUMS:
  Flutter: 0e3d915762c693b495b44d77113d4970485de6ec
  pi_authenticator_legacy: e3ba91e4ac1eee8cc9f67f063b16041cc637937f
  SwiftyRSA: 16627e161a69bfdda7d867cf9438d14a331939ca

PODFILE CHECKSUM: aafe91acc616949ddb318b77800a7f51bffa2a4c

COCOAPODS: 1.9.3
